{
    "name": "Folern AWS C4",
    "lockfileVersion": 2,
    "requires": true,
    "packages": {},
    "author": {
        "#1": "Riandika Fathur Rochim",
        "#2": "I G N Brindawan Tri Guna Yoga",
        "#3": "I Gusti Putu Andre Pratama Milano",
        "#4": "I Kadek Wira Agus Setiawan",
        "#5": "Arif Kurniawan"
    },
    "copyright": {
        "massage": "file yang berada di `assets` folder merupakan milik pribadi dan dilarang dipergunakan dalam bentuk personal maupun komersial manapun"
    }
}
